{
  "nodes": {
    "crane": {
      "locked": {
        "lastModified": 1752946753,
        "narHash": "sha256-g5uP3jIj+STUcfTJDKYopxnSijs2agRg13H0SGL5iE4=",
        "owner": "ipetkov",
        "repo": "crane",
        "rev": "544d09fecc8c2338542c57f3f742f1a0c8c71e13",
        "type": "github"
      },
      "original": {
        "owner": "ipetkov",
        "ref": "v0.21.0",
        "repo": "crane",
        "type": "github"
      }
    },
    "nixpkgs": {
      "locked": {
        "lastModified": 1787640266,
        "narHash": "sha256-MrkfE5hF5xx4L/0h5NyJ3xQkKVftwSuKSkFSrvlTxGY=",
        "owner": "NixOS",
        "repo": "nixpkgs",
        "rev": "f4f698677b11021a8f84f452e23ae9ef2427bec3",
        "type": "github"
      },
      "original": {
        "owner": "NixOS",
        "ref": "nixos-26.05",
        "repo": "nixpkgs",
        "type": "github"
      }
    },
    "root": {
      "inputs": {
        "crane": "crane",
        "nixpkgs": "nixpkgs"
      }
    }
  },
  "root": "root",
  "version": 7
}
